
Microsoft Visual Studio Solution File, Format Version 12.00
Project("{FAE04EC0-301F-11D3-BF4B-00C04F79EFBC}") = "TP1", "TP1\TP1.csproj", "{0233E873-FF2E-4395-919F-8B16133DC982}"
EndProject
Global
	GlobalSection(SolutionConfigurationPlatforms) = preSolution
		Debug|Any CPU = Debug|Any CPU
		Release|Any CPU = Release|Any CPU
	EndGlobalSection
	GlobalSection(ProjectConfigurationPlatforms) = postSolution
		{0233E873-FF2E-4395-919F-8B16133DC982}.Debug|Any CPU.ActiveCfg = Debug|Any CPU
		{0233E873-FF2E-4395-919F-8B16133DC982}.Debug|Any CPU.Build.0 = Debug|Any CPU
		{0233E873-FF2E-4395-919F-8B16133DC982}.Release|Any CPU.ActiveCfg = Release|Any CPU
		{0233E873-FF2E-4395-919F-8B16133DC982}.Release|Any CPU.Build.0 = Release|Any CPU
	EndGlobalSection
EndGlobal
